
Microsoft Visual Studio Solution File, Format Version 12.00
# Visual Studio Version 17
VisualStudioVersion = 17.0.31903.59
MinimumVisualStudioVersion = 10.0.40219.1
Project("{FAE04EC0-301F-11D3-BF4B-00C04F79EFBC}") = "MainApp", "MainApp\MainApp.csproj", "{AD54AD43-6219-48BA-9BF5-FC80C1F40B09}"
EndProject
Project("{FAE04EC0-301F-11D3-BF4B-00C04F79EFBC}") = "Domain", "Domain\Domain.csproj", "{42149B03-6915-4083-83BB-A6A7D4D421F9}"
EndProject
Project("{FAE04EC0-301F-11D3-BF4B-00C04F79EFBC}") = "Infrastructure", "Infrastructure\Infrastructure.csproj", "{F74D01B9-153E-4F6C-97CA-EF42C3711CF3}"
EndProject
Global
	GlobalSection(SolutionConfigurationPlatforms) = preSolution
		Debug|Any CPU = Debug|Any CPU
		Release|Any CPU = Release|Any CPU
	EndGlobalSection
	GlobalSection(SolutionProperties) = preSolution
		HideSolutionNode = FALSE
	EndGlobalSection
	GlobalSection(ProjectConfigurationPlatforms) = postSolution
		{AD54AD43-6219-48BA-9BF5-FC80C1F40B09}.Debug|Any CPU.ActiveCfg = Debug|Any CPU
		{AD54AD43-6219-48BA-9BF5-FC80C1F40B09}.Debug|Any CPU.Build.0 = Debug|Any CPU
		{AD54AD43-6219-48BA-9BF5-FC80C1F40B09}.Release|Any CPU.ActiveCfg = Release|Any CPU
		{AD54AD43-6219-48BA-9BF5-FC80C1F40B09}.Release|Any CPU.Build.0 = Release|Any CPU
		{42149B03-6915-4083-83BB-A6A7D4D421F9}.Debug|Any CPU.ActiveCfg = Debug|Any CPU
		{42149B03-6915-4083-83BB-A6A7D4D421F9}.Debug|Any CPU.Build.0 = Debug|Any CPU
		{42149B03-6915-4083-83BB-A6A7D4D421F9}.Release|Any CPU.ActiveCfg = Release|Any CPU
		{42149B03-6915-4083-83BB-A6A7D4D421F9}.Release|Any CPU.Build.0 = Release|Any CPU
		{F74D01B9-153E-4F6C-97CA-EF42C3711CF3}.Debug|Any CPU.ActiveCfg = Debug|Any CPU
		{F74D01B9-153E-4F6C-97CA-EF42C3711CF3}.Debug|Any CPU.Build.0 = Debug|Any CPU
		{F74D01B9-153E-4F6C-97CA-EF42C3711CF3}.Release|Any CPU.ActiveCfg = Release|Any CPU
		{F74D01B9-153E-4F6C-97CA-EF42C3711CF3}.Release|Any CPU.Build.0 = Release|Any CPU
	EndGlobalSection
EndGlobal
